
Microsoft Visual Studio Solution File, Format Version 12.00
# Visual Studio Version 17
VisualStudioVersion = 17.7.34024.191
MinimumVisualStudioVersion = 10.0.40219.1
Project("{FAE04EC0-301F-11D3-BF4B-00C04F79EFBC}") = "17.Working with classes", "17.Working with classes.csproj", "{9B3A186A-86E9-4214-865E-63FB5D9B075A}"
EndProject
Global
	GlobalSection(SolutionConfigurationPlatforms) = preSolution
		Debug|Any CPU = Debug|Any CPU
		Release|Any CPU = Release|Any CPU
	EndGlobalSection
	GlobalSection(ProjectConfigurationPlatforms) = postSolution
		{9B3A186A-86E9-4214-865E-63FB5D9B075A}.Debug|Any CPU.ActiveCfg = Debug|Any CPU
		{9B3A186A-86E9-4214-865E-63FB5D9B075A}.Debug|Any CPU.Build.0 = Debug|Any CPU
		{9B3A186A-86E9-4214-865E-63FB5D9B075A}.Release|Any CPU.ActiveCfg = Release|Any CPU
		{9B3A186A-86E9-4214-865E-63FB5D9B075A}.Release|Any CPU.Build.0 = Release|Any CPU
	EndGlobalSection
	GlobalSection(SolutionProperties) = preSolution
		HideSolutionNode = FALSE
	EndGlobalSection
	GlobalSection(ExtensibilityGlobals) = postSolution
		SolutionGuid = {C77EF4F6-7779-4D8C-AC4A-79DFF75F9A47}
	EndGlobalSection
EndGlobal
